
Microsoft Visual Studio Solution File, Format Version 12.00
# Visual Studio Version 17
VisualStudioVersion = 17.5.002.0
MinimumVisualStudioVersion = 10.0.40219.1
Project("{9A19103F-16F7-4668-BE54-9A1E7A4F7556}") = "practicePAL", "practicePAL.csproj", "{432E4B26-8D6D-4B64-985B-312F3594D044}"
EndProject
Global
	GlobalSection(SolutionConfigurationPlatforms) = preSolution
		Debug|Any CPU = Debug|Any CPU
		Release|Any CPU = Release|Any CPU
	EndGlobalSection
	GlobalSection(ProjectConfigurationPlatforms) = postSolution
		{432E4B26-8D6D-4B64-985B-312F3594D044}.Debug|Any CPU.ActiveCfg = Debug|Any CPU
		{432E4B26-8D6D-4B64-985B-312F3594D044}.Debug|Any CPU.Build.0 = Debug|Any CPU
		{432E4B26-8D6D-4B64-985B-312F3594D044}.Release|Any CPU.ActiveCfg = Release|Any CPU
		{432E4B26-8D6D-4B64-985B-312F3594D044}.Release|Any CPU.Build.0 = Release|Any CPU
	EndGlobalSection
	GlobalSection(SolutionProperties) = preSolution
		HideSolutionNode = FALSE
	EndGlobalSection
	GlobalSection(ExtensibilityGlobals) = postSolution
		SolutionGuid = {927A3C02-B521-4512-89BF-9C1083B036BB}
	EndGlobalSection
EndGlobal
